PODS:
  - desktop_lifecycle (0.0.1):
    - FlutterMacOS
  - desktop_multi_window (0.0.1):
    - FlutterMacOS
  - FlutterMacOS (1.0.0)
  - mixin_logger (0.0.1):
    - FlutterMacOS
  - screen_retriever_macos (0.0.1):
    - FlutterMacOS
  - window_manager (0.5.0):
    - FlutterMacOS

DEPENDENCIES:
  - desktop_lifecycle (from `Flutter/ephemeral/.symlinks/plugins/desktop_lifecycle/macos`)
  - desktop_multi_window (from `Flutter/ephemeral/.symlinks/plugins/desktop_multi_window/macos`)
  - FlutterMacOS (from `Flutter/ephemeral`)
  - mixin_logger (from `Flutter/ephemeral/.symlinks/plugins/mixin_logger/macos`)
  - screen_retriever_macos (from `Flutter/ephemeral/.symlinks/plugins/screen_retriever_macos/macos`)
  - window_manager (from `Flutter/ephemeral/.symlinks/plugins/window_manager/macos`)

EXTERNAL SOURCES:
  desktop_lifecycle:
    :path: Flutter/ephemeral/.symlinks/plugins/desktop_lifecycle/macos
  desktop_multi_window:
    :path: Flutter/ephemeral/.symlinks/plugins/desktop_multi_window/macos
  FlutterMacOS:
    :path: Flutter/ephemeral
  mixin_logger:
    :path: Flutter/ephemeral/.symlinks/plugins/mixin_logger/macos
  screen_retriever_macos:
    :path: Flutter/ephemeral/.symlinks/plugins/screen_retriever_macos/macos
  window_manager:
    :path: Flutter/ephemeral/.symlinks/plugins/window_manager/macos

SPEC CHECKSUMS:
  desktop_lifecycle: e4d2ff93af77bbbd473fe1a61773fdf9c5a79c91
  desktop_multi_window: 93667594ccc4b88d91a97972fd3b1b89667fa80a
  FlutterMacOS: d0db08ddef1a9af05a5ec4b724367152bb0500b1
  mixin_logger: 6b31328b08f546a8defd32cd910370562fc48405
  screen_retriever_macos: 452e51764a9e1cdb74b3c541238795849f21557f
  window_manager: b729e31d38fb04905235df9ea896128991cad99e

PODFILE CHECKSUM: 0d3963a09fc94f580682bd88480486da345dc3f0

COCOAPODS: 1.16.2
