PODS:
  - FlutterMacOS (1.0.0)
  - fts5_simple (0.0.1):
    - FlutterMacOS
  - sqlite3 (3.37.0):
    - sqlite3/common (= 3.37.0)
  - sqlite3/common (3.37.0)
  - sqlite3/fts5 (3.37.0):
    - sqlite3/common
  - sqlite3/json1 (3.37.0):
    - sqlite3/common
  - sqlite3/perf-threadsafe (3.37.0):
    - sqlite3/common
  - sqlite3/rtree (3.37.0):
    - sqlite3/common
  - sqlite3_flutter_libs (0.0.1):
    - FlutterMacOS
    - sqlite3 (~> 3.37.0)
    - sqlite3/fts5
    - sqlite3/json1
    - sqlite3/perf-threadsafe
    - sqlite3/rtree

DEPENDENCIES:
  - FlutterMacOS (from `Flutter/ephemeral`)
  - fts5_simple (from `Flutter/ephemeral/.symlinks/plugins/fts5_simple/macos`)
  - sqlite3_flutter_libs (from `Flutter/ephemeral/.symlinks/plugins/sqlite3_flutter_libs/macos`)

SPEC REPOS:
  trunk:
    - sqlite3

EXTERNAL SOURCES:
  FlutterMacOS:
    :path: Flutter/ephemeral
  fts5_simple:
    :path: Flutter/ephemeral/.symlinks/plugins/fts5_simple/macos
  sqlite3_flutter_libs:
    :path: Flutter/ephemeral/.symlinks/plugins/sqlite3_flutter_libs/macos

SPEC CHECKSUMS:
  FlutterMacOS: 57701585bf7de1b3fc2bb61f6378d73bbdea8424
  fts5_simple: 13570c78285c8ae276096276f504095716df4460
  sqlite3: b56b05777c433a55d852a3405c1903e2b57be2ce
  sqlite3_flutter_libs: 7327b478a892c09df59f7dca547c504ec0ed21ae

PODFILE CHECKSUM: 6eac6b3292e5142cfc23bdeb71848a40ec51c14c

COCOAPODS: 1.11.2
