PODS:
  - flutter_multi_window (0.0.1):
    - FlutterMacOS
  - FlutterMacOS (1.0.0)

DEPENDENCIES:
  - flutter_multi_window (from `Flutter/ephemeral/.symlinks/plugins/flutter_multi_window/macos`)
  - FlutterMacOS (from `Flutter/ephemeral`)

EXTERNAL SOURCES:
  flutter_multi_window:
    :path: Flutter/ephemeral/.symlinks/plugins/flutter_multi_window/macos
  FlutterMacOS:
    :path: Flutter/ephemeral

SPEC CHECKSUMS:
  flutter_multi_window: 62c71a6016a083b36afaed21ef9562047087a6bd
  FlutterMacOS: 57701585bf7de1b3fc2bb61f6378d73bbdea8424

PODFILE CHECKSUM: 6eac6b3292e5142cfc23bdeb71848a40ec51c14c

COCOAPODS: 1.11.2
