PODS:
  - FlutterMacOS (1.0.0)
  - ogg_opus_player (0.0.1):
    - FlutterMacOS
  - path_provider_macos (0.0.1):
    - FlutterMacOS

DEPENDENCIES:
  - FlutterMacOS (from `Flutter/ephemeral`)
  - ogg_opus_player (from `Flutter/ephemeral/.symlinks/plugins/ogg_opus_player/macos`)
  - path_provider_macos (from `Flutter/ephemeral/.symlinks/plugins/path_provider_macos/macos`)

EXTERNAL SOURCES:
  FlutterMacOS:
    :path: Flutter/ephemeral
  ogg_opus_player:
    :path: Flutter/ephemeral/.symlinks/plugins/ogg_opus_player/macos
  path_provider_macos:
    :path: Flutter/ephemeral/.symlinks/plugins/path_provider_macos/macos

SPEC CHECKSUMS:
  FlutterMacOS: ae6af50a8ea7d6103d888583d46bd8328a7e9811
  ogg_opus_player: 67fc56771b16586b9b2478f848e632f751400604
  path_provider_macos: 160cab0d5461f0c0e02995469a98f24bdb9a3f1f

PODFILE CHECKSUM: c7161fcf45d4fd9025dc0f48a76d6e64e52f8176

COCOAPODS: 1.11.3
