PODS:
  - Flutter (1.0.0)
  - pasteboard (0.0.1):
    - Flutter

DEPENDENCIES:
  - Flutter (from `Flutter`)
  - pasteboard (from `.symlinks/plugins/pasteboard/ios`)

EXTERNAL SOURCES:
  Flutter:
    :path: Flutter
  pasteboard:
    :path: ".symlinks/plugins/pasteboard/ios"

SPEC CHECKSUMS:
  Flutter: 50d75fe2f02b26cc09d224853bb45737f8b3214a
  pasteboard: 982969ebaa7c78af3e6cc7761e8f5e77565d9ce0

PODFILE CHECKSUM: aafe91acc616949ddb318b77800a7f51bffa2a4c

COCOAPODS: 1.11.2
