PODS:
  - FlutterMacOS (1.0.0)
  - mixin_logger (0.0.1):
    - FlutterMacOS

DEPENDENCIES:
  - FlutterMacOS (from `Flutter/ephemeral`)
  - mixin_logger (from `Flutter/ephemeral/.symlinks/plugins/mixin_logger/macos`)

EXTERNAL SOURCES:
  FlutterMacOS:
    :path: Flutter/ephemeral
  mixin_logger:
    :path: Flutter/ephemeral/.symlinks/plugins/mixin_logger/macos

SPEC CHECKSUMS:
  FlutterMacOS: 8f6f14fa908a6fb3fba0cd85dbd81ec4b251fb24
  mixin_logger: 9a1ab0b041977f54a5935025ff1303bce0b81522

PODFILE CHECKSUM: 236401fc2c932af29a9fcf0e97baeeb2d750d367

COCOAPODS: 1.12.1
